
Microsoft Visual Studio Solution File, Format Version 12.00
# Visual Studio 15
VisualStudioVersion = 15.0.26730.3
MinimumVisualStudioVersion = 10.0.40219.1
Project("{9A19103F-16F7-4668-BE54-9A1E7A4F7556}") = "IPEX.ClassLibrary", "IPEX.ClassLibrary\IPEX.ClassLibrary.csproj", "{7F8A49C2-434A-4556-A23F-45792754A78A}"
EndProject
Project("{9A19103F-16F7-4668-BE54-9A1E7A4F7556}") = "SPA.HelpdeskInfofloRobot", "SPA.HelpdeskInfofloRobot\SPA.HelpdeskInfofloRobot.csproj", "{2AE39340-EF5F-4640-8E2E-D5F217877957}"
EndProject
Project("{9A19103F-16F7-4668-BE54-9A1E7A4F7556}") = "SPA.UserManagementPortal", "SPA.UserManagementPortal\SPA.UserManagementPortal.csproj", "{612DB0B5-F294-4F02-A973-4A9065DB7B0C}"
EndProject
Project("{9A19103F-16F7-4668-BE54-9A1E7A4F7556}") = "WebAPI.Portal", "WebAPI.Portal\WebAPI.Portal.csproj", "{14979F2C-9F67-4C8D-A189-5849D381974F}"
EndProject
Project("{9A19103F-16F7-4668-BE54-9A1E7A4F7556}") = "WebAPI.SI", "WebAPI.SI\WebAPI.SI.csproj", "{DAE84F4C-224E-4FB2-B8B1-A279B4AC4C46}"
EndProject
Project("{9A19103F-16F7-4668-BE54-9A1E7A4F7556}") = "WebAPI.SLA", "WebAPI.SLA\WebAPI.SLA.csproj", "{46914F43-8BD7-409E-B168-86022D991662}"
EndProject
Global
	GlobalSection(SolutionConfigurationPlatforms) = preSolution
		Debug|Any CPU = Debug|Any CPU
		Release|Any CPU = Release|Any CPU
	EndGlobalSection
	GlobalSection(ProjectConfigurationPlatforms) = postSolution
		{7F8A49C2-434A-4556-A23F-45792754A78A}.Debug|Any CPU.ActiveCfg = Debug|Any CPU
		{7F8A49C2-434A-4556-A23F-45792754A78A}.Debug|Any CPU.Build.0 = Debug|Any CPU
		{7F8A49C2-434A-4556-A23F-45792754A78A}.Release|Any CPU.ActiveCfg = Release|Any CPU
		{7F8A49C2-434A-4556-A23F-45792754A78A}.Release|Any CPU.Build.0 = Release|Any CPU
		{2AE39340-EF5F-4640-8E2E-D5F217877957}.Debug|Any CPU.ActiveCfg = Debug|Any CPU
		{2AE39340-EF5F-4640-8E2E-D5F217877957}.Debug|Any CPU.Build.0 = Debug|Any CPU
		{2AE39340-EF5F-4640-8E2E-D5F217877957}.Release|Any CPU.ActiveCfg = Release|Any CPU
		{2AE39340-EF5F-4640-8E2E-D5F217877957}.Release|Any CPU.Build.0 = Release|Any CPU
		{612DB0B5-F294-4F02-A973-4A9065DB7B0C}.Debug|Any CPU.ActiveCfg = Debug|Any CPU
		{612DB0B5-F294-4F02-A973-4A9065DB7B0C}.Debug|Any CPU.Build.0 = Debug|Any CPU
		{612DB0B5-F294-4F02-A973-4A9065DB7B0C}.Release|Any CPU.ActiveCfg = Release|Any CPU
		{612DB0B5-F294-4F02-A973-4A9065DB7B0C}.Release|Any CPU.Build.0 = Release|Any CPU
		{14979F2C-9F67-4C8D-A189-5849D381974F}.Debug|Any CPU.ActiveCfg = Debug|Any CPU
		{14979F2C-9F67-4C8D-A189-5849D381974F}.Debug|Any CPU.Build.0 = Debug|Any CPU
		{14979F2C-9F67-4C8D-A189-5849D381974F}.Release|Any CPU.ActiveCfg = Release|Any CPU
		{14979F2C-9F67-4C8D-A189-5849D381974F}.Release|Any CPU.Build.0 = Release|Any CPU
		{DAE84F4C-224E-4FB2-B8B1-A279B4AC4C46}.Debug|Any CPU.ActiveCfg = Debug|Any CPU
		{DAE84F4C-224E-4FB2-B8B1-A279B4AC4C46}.Debug|Any CPU.Build.0 = Debug|Any CPU
		{DAE84F4C-224E-4FB2-B8B1-A279B4AC4C46}.Release|Any CPU.ActiveCfg = Release|Any CPU
		{DAE84F4C-224E-4FB2-B8B1-A279B4AC4C46}.Release|Any CPU.Build.0 = Release|Any CPU
		{46914F43-8BD7-409E-B168-86022D991662}.Debug|Any CPU.ActiveCfg = Debug|Any CPU
		{46914F43-8BD7-409E-B168-86022D991662}.Debug|Any CPU.Build.0 = Debug|Any CPU
		{46914F43-8BD7-409E-B168-86022D991662}.Release|Any CPU.ActiveCfg = Release|Any CPU
		{46914F43-8BD7-409E-B168-86022D991662}.Release|Any CPU.Build.0 = Release|Any CPU
	EndGlobalSection
	GlobalSection(SolutionProperties) = preSolution
		HideSolutionNode = FALSE
	EndGlobalSection
	GlobalSection(ExtensibilityGlobals) = postSolution
		SolutionGuid = {FEFE75D4-6C71-4AA5-BBCB-DED92AAC64C1}
	EndGlobalSection
EndGlobal
